
Microsoft Visual Studio Solution File, Format Version 12.00
# Visual Studio Version 16
VisualStudioVersion = 16.0.29102.190
MinimumVisualStudioVersion = 10.0.40219.1
Project("{9A19103F-16F7-4668-BE54-9A1E7A4F7556}") = "DomainLayer", "DomainLayer\DomainLayer.csproj", "{0827C086-C012-4C9E-BCA0-AB4D000F10B8}"
EndProject
Global
	GlobalSection(SolutionConfigurationPlatforms) = preSolution
		Debug|Any CPU = Debug|Any CPU
		Release|Any CPU = Release|Any CPU
	EndGlobalSection
	GlobalSection(ProjectConfigurationPlatforms) = postSolution
		{0827C086-C012-4C9E-BCA0-AB4D000F10B8}.Debug|Any CPU.ActiveCfg = Debug|Any CPU
		{0827C086-C012-4C9E-BCA0-AB4D000F10B8}.Debug|Any CPU.Build.0 = Debug|Any CPU
		{0827C086-C012-4C9E-BCA0-AB4D000F10B8}.Release|Any CPU.ActiveCfg = Release|Any CPU
		{0827C086-C012-4C9E-BCA0-AB4D000F10B8}.Release|Any CPU.Build.0 = Release|Any CPU
	EndGlobalSection
	GlobalSection(SolutionProperties) = preSolution
		HideSolutionNode = FALSE
	EndGlobalSection
	GlobalSection(ExtensibilityGlobals) = postSolution
		SolutionGuid = {04862C4F-8366-41C9-A4C0-35A8D55AE0C4}
	EndGlobalSection
EndGlobal
